{
    "name": "maryamnode",
    "version": "1.0.1",
    "lockfileVersion": 1,
    "requires": true,
    "dependencies": {
        "slug": {
            "version": "5.1.1",
            "resolved": "https://registry.npmjs.org/slug/-/slug-5.1.1.tgz",
            "integrity": "sha512-QPbRRFNK6AMY4ubNCZ/2Wx/JnLO7YQnjEOgA4ptgcyMzL4SjnwkRVp1Kkp7cigF2eP2FNVAhRjBeRkd6wWZzbg=="
        }
    }
}
